schema: '2.0'
stages:
  data_ingestion:
    cmd: python src/data/data_ingestion.py
    deps:
    - path: data/raw/train.csv
      hash: md5
      md5: 358ac53596f540c74517dc050891c1b5
      size: 827954
    - path: params.yaml
      hash: md5
      md5: b0f31d5ab2cd1f3cad1f589153fdaa27
      size: 515
    - path: src/data/data_ingestion.py
      hash: md5
      md5: d7c98c58c47194b9b88c4ac9516e7359
      size: 4414
    outs:
    - path: data/interim/test.csv
      hash: md5
      md5: 45a0a924ec935309fe1cdc854489ad5d
      size: 198774
    - path: data/interim/train.csv
      hash: md5
      md5: 0b79639c0395584bf7ca4791c03a989b
      size: 629199
  data_preprocessing:
    cmd: python src/features/data_preprocessing.py
    deps:
    - path: data/external/chat_words_dictonary.json
      hash: md5
      md5: d5374fbe39d349c14db3bc37d73d76be
      size: 2974
    - path: data/interim/test.csv
      hash: md5
      md5: 45a0a924ec935309fe1cdc854489ad5d
      size: 198774
    - path: data/interim/train.csv
      hash: md5
      md5: 0b79639c0395584bf7ca4791c03a989b
      size: 629199
    - path: src/features/data_preprocessing.py
      hash: md5
      md5: ab6368a23a51c335036d96ca90a4aac1
      size: 5737
    outs:
    - path: data/processed/test.csv
      hash: md5
      md5: d0e522e17d944e1462aac8732d456675
      size: 131811
    - path: data/processed/train.csv
      hash: md5
      md5: 530b243aca28d4ccab08cc29e73a5b26
      size: 417473
  feature_engineering:
    cmd: python src/features/feature_engineering.py
    deps:
    - path: data/processed/test.csv
      hash: md5
      md5: d0e522e17d944e1462aac8732d456675
      size: 131811
    - path: data/processed/train.csv
      hash: md5
      md5: 530b243aca28d4ccab08cc29e73a5b26
      size: 417473
    - path: params.yaml
      hash: md5
      md5: b0f31d5ab2cd1f3cad1f589153fdaa27
      size: 515
    - path: src/features/feature_engineering.py
      hash: md5
      md5: 49b0bf35d6efa4757ebe83ada0d9b00e
      size: 4878
    outs:
    - path: data/features/test.csv
      hash: md5
      md5: e051e336b52a28477b62eebddf412b44
      size: 49945678
    - path: data/features/train.csv
      hash: md5
      md5: 60a54b92a74931a6499c544abb27d69a
      size: 158122128
    - path: models/vectorizers/bow.joblib
      hash: md5
      md5: 9e1b3124ba10c4feaf5c3d5644ce4e74
      size: 140445
  model_training:
    cmd: python src/models/train_model.py
    deps:
    - path: data/features/train.csv
      hash: md5
      md5: 60a54b92a74931a6499c544abb27d69a
      size: 158122128
    - path: params.yaml
      hash: md5
      md5: b0f31d5ab2cd1f3cad1f589153fdaa27
      size: 515
    - path: src/models/train_model.py
      hash: md5
      md5: 42590c709af2cd69287123cad67152cd
      size: 3606
    outs:
    - path: models/models/bagging_classifier.joblib
      hash: md5
      md5: 553611bbb063f7bf11d8765468678220
      size: 905128
  model_evaluation:
    cmd: python src/models/evaluate_model.py
    deps:
    - path: data/features/test.csv
      hash: md5
      md5: e051e336b52a28477b62eebddf412b44
      size: 49945678
    - path: models/models/bagging_classifier.joblib
      hash: md5
      md5: 553611bbb063f7bf11d8765468678220
      size: 905128
